// !$*UTF8*$!
{
	archiveVersion = 1;
	classes = {
	};
	objectVersion = 50;
	objects = {

/* Begin PBXBuildFile section */
		BC85384C21BED9A000B01156 /* DetailViewController.swift in Sources */ = {isa = PBXBuildFile; fileRef = BC85384B21BED9A000B01156 /* DetailViewController.swift */; };
		BC85385121BF88D200B01156 /* MovieInfoCell.swift in Sources */ = {isa = PBXBuildFile; fileRef = BC85384F21BF88D200B01156 /* MovieInfoCell.swift */; };
		BC85385221BF88D200B01156 /* MovieInfoCell.xib in Resources */ = {isa = PBXBuildFile; fileRef = BC85385021BF88D200B01156 /* MovieInfoCell.xib */; };
		BC85385521BF890000B01156 /* MovieSynopsisCell.swift in Sources */ = {isa = PBXBuildFile; fileRef = BC85385321BF890000B01156 /* MovieSynopsisCell.swift */; };
		BC85385621BF890000B01156 /* MovieSynopsisCell.xib in Resources */ = {isa = PBXBuildFile; fileRef = BC85385421BF890000B01156 /* MovieSynopsisCell.xib */; };
		BC85385921BF893100B01156 /* DirectorInfoCell.swift in Sources */ = {isa = PBXBuildFile; fileRef = BC85385721BF893100B01156 /* DirectorInfoCell.swift */; };
		BC85385A21BF893100B01156 /* DirectorInfoCell.xib in Resources */ = {isa = PBXBuildFile; fileRef = BC85385821BF893100B01156 /* DirectorInfoCell.xib */; };
		BC85385D21BF895300B01156 /* MovieCommentsCell.swift in Sources */ = {isa = PBXBuildFile; fileRef = BC85385B21BF895300B01156 /* MovieCommentsCell.swift */; };
		BC85385E21BF895300B01156 /* MovieCommentsCell.xib in Resources */ = {isa = PBXBuildFile; fileRef = BC85385C21BF895300B01156 /* MovieCommentsCell.xib */; };
		BC85386021BFE37F00B01156 /* MovieInfo.swift in Sources */ = {isa = PBXBuildFile; fileRef = BC85385F21BFE37F00B01156 /* MovieInfo.swift */; };
		BC85386221BFE49E00B01156 /* Comments.swift in Sources */ = {isa = PBXBuildFile; fileRef = BC85386121BFE49E00B01156 /* Comments.swift */; };
		BC85386721C0EE2E00B01156 /* GradeView.swift in Sources */ = {isa = PBXBuildFile; fileRef = BC85386621C0EE2E00B01156 /* GradeView.swift */; };
		BC85386921C0EE3B00B01156 /* GradeView.xib in Resources */ = {isa = PBXBuildFile; fileRef = BC85386821C0EE3B00B01156 /* GradeView.xib */; };
		BC85386B21C12CD400B01156 /* RatingView.xib in Resources */ = {isa = PBXBuildFile; fileRef = BC85386A21C12CD400B01156 /* RatingView.xib */; };
		BC85386D21C12CDF00B01156 /* RatingView.swift in Sources */ = {isa = PBXBuildFile; fileRef = BC85386C21C12CDF00B01156 /* RatingView.swift */; };
		BC85388D21C155A600B01156 /* PosterViewController.swift in Sources */ = {isa = PBXBuildFile; fileRef = BC85388C21C155A600B01156 /* PosterViewController.swift */; };
		BC85388F21C28D7F00B01156 /* CallbackResponse.swift in Sources */ = {isa = PBXBuildFile; fileRef = BC85388E21C28D7F00B01156 /* CallbackResponse.swift */; };
		BCB6C96421C2B6B900BCEDC2 /* DataLoading.swift in Sources */ = {isa = PBXBuildFile; fileRef = BCB6C96321C2B6B900BCEDC2 /* DataLoading.swift */; };
		BCB6C97221C2DE5A00BCEDC2 /* LoadingView.xib in Resources */ = {isa = PBXBuildFile; fileRef = BCB6C97121C2DE5A00BCEDC2 /* LoadingView.xib */; };
		BCB6C97421C2DE6500BCEDC2 /* LoadingView.swift in Sources */ = {isa = PBXBuildFile; fileRef = BCB6C97321C2DE6500BCEDC2 /* LoadingView.swift */; };
		BCE3AB0321BBEC99004DA97F /* AppDelegate.swift in Sources */ = {isa = PBXBuildFile; fileRef = BCE3AB0221BBEC99004DA97F /* AppDelegate.swift */; };
		BCE3AB0521BBEC99004DA97F /* TableViewController.swift in Sources */ = {isa = PBXBuildFile; fileRef = BCE3AB0421BBEC99004DA97F /* TableViewController.swift */; };
		BCE3AB0821BBEC99004DA97F /* Main.storyboard in Resources */ = {isa = PBXBuildFile; fileRef = BCE3AB0621BBEC99004DA97F /* Main.storyboard */; };
		BCE3AB0B21BBEC99004DA97F /* MovieBoxOffice.xcdatamodeld in Sources */ = {isa = PBXBuildFile; fileRef = BCE3AB0921BBEC99004DA97F /* MovieBoxOffice.xcdatamodeld */; };
		BCE3AB0D21BBEC9B004DA97F /* Assets.xcassets in Resources */ = {isa = PBXBuildFile; fileRef = BCE3AB0C21BBEC9B004DA97F /* Assets.xcassets */; };
		BCE3AB1021BBEC9B004DA97F /* LaunchScreen.storyboard in Resources */ = {isa = PBXBuildFile; fileRef = BCE3AB0E21BBEC9B004DA97F /* LaunchScreen.storyboard */; };
		BCE3AB1B21BBEC9B004DA97F /* MovieBoxOfficeTests.swift in Sources */ = {isa = PBXBuildFile; fileRef = BCE3AB1A21BBEC9B004DA97F /* MovieBoxOfficeTests.swift */; };
		BCE3AB2621BBEC9B004DA97F /* MovieBoxOfficeUITests.swift in Sources */ = {isa = PBXBuildFile; fileRef = BCE3AB2521BBEC9B004DA97F /* MovieBoxOfficeUITests.swift */; };
		BCE3AB3A21BBF3F9004DA97F /* TableListCell.swift in Sources */ = {isa = PBXBuildFile; fileRef = BCE3AB3821BBF3F9004DA97F /* TableListCell.swift */; };
		BCE3AB3B21BBF3F9004DA97F /* TableListCell.xib in Resources */ = {isa = PBXBuildFile; fileRef = BCE3AB3921BBF3F9004DA97F /* TableListCell.xib */; };
		BCE3AB3E21BBF40D004DA97F /* CollectionListCell.swift in Sources */ = {isa = PBXBuildFile; fileRef = BCE3AB3C21BBF40D004DA97F /* CollectionListCell.swift */; };
		BCE3AB3F21BBF40D004DA97F /* CollectionListCell.xib in Resources */ = {isa = PBXBuildFile; fileRef = BCE3AB3D21BBF40D004DA97F /* CollectionListCell.xib */; };
		BCE3AB4121BBF7C5004DA97F /* Movies.swift in Sources */ = {isa = PBXBuildFile; fileRef = BCE3AB4021BBF7C5004DA97F /* Movies.swift */; };
		BCE3AB4B21BD051D004DA97F /* APICenter.swift in Sources */ = {isa = PBXBuildFile; fileRef = BCE3AB4A21BD051D004DA97F /* APICenter.swift */; };
		BCE3AB4D21BD28B7004DA97F /* APIManager.swift in Sources */ = {isa = PBXBuildFile; fileRef = BCE3AB4C21BD28B7004DA97F /* APIManager.swift */; };
		BCE3AB4F21BD4AE7004DA97F /* APIResponse.swift in Sources */ = {isa = PBXBuildFile; fileRef = BCE3AB4E21BD4AE7004DA97F /* APIResponse.swift */; };
		BCE3AB5121BD5121004DA97F /* Extension.swift in Sources */ = {isa = PBXBuildFile; fileRef = BCE3AB5021BD5121004DA97F /* Extension.swift */; };
		BCE3AB5321BD88DD004DA97F /* CollectionViewController.swift in Sources */ = {isa = PBXBuildFile; fileRef = BCE3AB5221BD88DD004DA97F /* CollectionViewController.swift */; };
		BCE3AB5F21BE9965004DA97F /* ModelController.swift in Sources */ = {isa = PBXBuildFile; fileRef = BCE3AB5E21BE9965004DA97F /* ModelController.swift */; };
/* End PBXBuildFile section */

/* Begin PBXContainerItemProxy section */
		BCE3AB1721BBEC9B004DA97F /* PBXContainerItemProxy */ = {
			isa = PBXContainerItemProxy;
			containerPortal = BCE3AAF721BBEC99004DA97F /* Project object */;
			proxyType = 1;
			remoteGlobalIDString = BCE3AAFE21BBEC99004DA97F;
			remoteInfo = MovieBoxOffice;
		};
		BCE3AB2221BBEC9B004DA97F /* PBXContainerItemProxy */ = {
			isa = PBXContainerItemProxy;
			containerPortal = BCE3AAF721BBEC99004DA97F /* Project object */;
			proxyType = 1;
			remoteGlobalIDString = BCE3AAFE21BBEC99004DA97F;
			remoteInfo = MovieBoxOffice;
		};
/* End PBXContainerItemProxy section */

/* Begin PBXFileReference section */
		BC85384B21BED9A000B01156 /* DetailViewController.swift */ = {isa = PBXFileReference; lastKnownFileType = sourcecode.swift; path = DetailViewController.swift; sourceTree = "<group>"; };
		BC85384F21BF88D200B01156 /* MovieInfoCell.swift */ = {isa = PBXFileReference; lastKnownFileType = sourcecode.swift; path = MovieInfoCell.swift; sourceTree = "<group>"; };
		BC85385021BF88D200B01156 /* MovieInfoCell.xib */ = {isa = PBXFileReference; lastKnownFileType = file.xib; path = MovieInfoCell.xib; sourceTree = "<group>"; };
		BC85385321BF890000B01156 /* MovieSynopsisCell.swift */ = {isa = PBXFileReference; lastKnownFileType = sourcecode.swift; path = MovieSynopsisCell.swift; sourceTree = "<group>"; };
		BC85385421BF890000B01156 /* MovieSynopsisCell.xib */ = {isa = PBXFileReference; lastKnownFileType = file.xib; path = MovieSynopsisCell.xib; sourceTree = "<group>"; };
		BC85385721BF893100B01156 /* DirectorInfoCell.swift */ = {isa = PBXFileReference; lastKnownFileType = sourcecode.swift; path = DirectorInfoCell.swift; sourceTree = "<group>"; };
		BC85385821BF893100B01156 /* DirectorInfoCell.xib */ = {isa = PBXFileReference; lastKnownFileType = file.xib; path = DirectorInfoCell.xib; sourceTree = "<group>"; };
		BC85385B21BF895300B01156 /* MovieCommentsCell.swift */ = {isa = PBXFileReference; lastKnownFileType = sourcecode.swift; path = MovieCommentsCell.swift; sourceTree = "<group>"; };
		BC85385C21BF895300B01156 /* MovieCommentsCell.xib */ = {isa = PBXFileReference; lastKnownFileType = file.xib; path = MovieCommentsCell.xib; sourceTree = "<group>"; };
		BC85385F21BFE37F00B01156 /* MovieInfo.swift */ = {isa = PBXFileReference; lastKnownFileType = sourcecode.swift; path = MovieInfo.swift; sourceTree = "<group>"; };
		BC85386121BFE49E00B01156 /* Comments.swift */ = {isa = PBXFileReference; lastKnownFileType = sourcecode.swift; path = Comments.swift; sourceTree = "<group>"; };
		BC85386621C0EE2E00B01156 /* GradeView.swift */ = {isa = PBXFileReference; lastKnownFileType = sourcecode.swift; path = GradeView.swift; sourceTree = "<group>"; };
		BC85386821C0EE3B00B01156 /* GradeView.xib */ = {isa = PBXFileReference; lastKnownFileType = file.xib; path = GradeView.xib; sourceTree = "<group>"; };
		BC85386A21C12CD400B01156 /* RatingView.xib */ = {isa = PBXFileReference; lastKnownFileType = file.xib; path = RatingView.xib; sourceTree = "<group>"; };
		BC85386C21C12CDF00B01156 /* RatingView.swift */ = {isa = PBXFileReference; lastKnownFileType = sourcecode.swift; path = RatingView.swift; sourceTree = "<group>"; };
		BC85388C21C155A600B01156 /* PosterViewController.swift */ = {isa = PBXFileReference; lastKnownFileType = sourcecode.swift; path = PosterViewController.swift; sourceTree = "<group>"; };
		BC85388E21C28D7F00B01156 /* CallbackResponse.swift */ = {isa = PBXFileReference; lastKnownFileType = sourcecode.swift; path = CallbackResponse.swift; sourceTree = "<group>"; };
		BCB6C96321C2B6B900BCEDC2 /* DataLoading.swift */ = {isa = PBXFileReference; lastKnownFileType = sourcecode.swift; path = DataLoading.swift; sourceTree = "<group>"; };
		BCB6C97121C2DE5A00BCEDC2 /* LoadingView.xib */ = {isa = PBXFileReference; lastKnownFileType = file.xib; path = LoadingView.xib; sourceTree = "<group>"; };
		BCB6C97321C2DE6500BCEDC2 /* LoadingView.swift */ = {isa = PBXFileReference; lastKnownFileType = sourcecode.swift; path = LoadingView.swift; sourceTree = "<group>"; };
		BCE3AAFF21BBEC99004DA97F /* MovieBoxOffice.app */ = {isa = PBXFileReference; explicitFileType = wrapper.application; includeInIndex = 0; path = MovieBoxOffice.app; sourceTree = BUILT_PRODUCTS_DIR; };
		BCE3AB0221BBEC99004DA97F /* AppDelegate.swift */ = {isa = PBXFileReference; lastKnownFileType = sourcecode.swift; path = AppDelegate.swift; sourceTree = "<group>"; };
		BCE3AB0421BBEC99004DA97F /* TableViewController.swift */ = {isa = PBXFileReference; lastKnownFileType = sourcecode.swift; path = TableViewController.swift; sourceTree = "<group>"; };
		BCE3AB0721BBEC99004DA97F /* Base */ = {isa = PBXFileReference; lastKnownFileType = file.storyboard; name = Base; path = Base.lproj/Main.storyboard; sourceTree = "<group>"; };
		BCE3AB0A21BBEC99004DA97F /* MovieBoxOffice.xcdatamodel */ = {isa = PBXFileReference; lastKnownFileType = wrapper.xcdatamodel; path = MovieBoxOffice.xcdatamodel; sourceTree = "<group>"; };
		BCE3AB0C21BBEC9B004DA97F /* Assets.xcassets */ = {isa = PBXFileReference; lastKnownFileType = folder.assetcatalog; path = Assets.xcassets; sourceTree = "<group>"; };
		BCE3AB0F21BBEC9B004DA97F /* Base */ = {isa = PBXFileReference; lastKnownFileType = file.storyboard; name = Base; path = Base.lproj/LaunchScreen.storyboard; sourceTree = "<group>"; };
		BCE3AB1121BBEC9B004DA97F /* Info.plist */ = {isa = PBXFileReference; lastKnownFileType = text.plist.xml; path = Info.plist; sourceTree = "<group>"; };
		BCE3AB1621BBEC9B004DA97F /* MovieBoxOfficeTests.xctest */ = {isa = PBXFileReference; explicitFileType = wrapper.cfbundle; includeInIndex = 0; path = MovieBoxOfficeTests.xctest; sourceTree = BUILT_PRODUCTS_DIR; };
		BCE3AB1A21BBEC9B004DA97F /* MovieBoxOfficeTests.swift */ = {isa = PBXFileReference; lastKnownFileType = sourcecode.swift; path = MovieBoxOfficeTests.swift; sourceTree = "<group>"; };
		BCE3AB1C21BBEC9B004DA97F /* Info.plist */ = {isa = PBXFileReference; lastKnownFileType = text.plist.xml; path = Info.plist; sourceTree = "<group>"; };
		BCE3AB2121BBEC9B004DA97F /* MovieBoxOfficeUITests.xctest */ = {isa = PBXFileReference; explicitFileType = wrapper.cfbundle; includeInIndex = 0; path = MovieBoxOfficeUITests.xctest; sourceTree = BUILT_PRODUCTS_DIR; };
		BCE3AB2521BBEC9B004DA97F /* MovieBoxOfficeUITests.swift */ = {isa = PBXFileReference; lastKnownFileType = sourcecode.swift; path = MovieBoxOfficeUITests.swift; sourceTree = "<group>"; };
		BCE3AB2721BBEC9B004DA97F /* Info.plist */ = {isa = PBXFileReference; lastKnownFileType = text.plist.xml; path = Info.plist; sourceTree = "<group>"; };
		BCE3AB3821BBF3F9004DA97F /* TableListCell.swift */ = {isa = PBXFileReference; lastKnownFileType = sourcecode.swift; path = TableListCell.swift; sourceTree = "<group>"; };
		BCE3AB3921BBF3F9004DA97F /* TableListCell.xib */ = {isa = PBXFileReference; lastKnownFileType = file.xib; path = TableListCell.xib; sourceTree = "<group>"; };
		BCE3AB3C21BBF40D004DA97F /* CollectionListCell.swift */ = {isa = PBXFileReference; lastKnownFileType = sourcecode.swift; path = CollectionListCell.swift; sourceTree = "<group>"; };
		BCE3AB3D21BBF40D004DA97F /* CollectionListCell.xib */ = {isa = PBXFileReference; lastKnownFileType = file.xib; path = CollectionListCell.xib; sourceTree = "<group>"; };
		BCE3AB4021BBF7C5004DA97F /* Movies.swift */ = {isa = PBXFileReference; lastKnownFileType = sourcecode.swift; path = Movies.swift; sourceTree = "<group>"; };
		BCE3AB4A21BD051D004DA97F /* APICenter.swift */ = {isa = PBXFileReference; lastKnownFileType = sourcecode.swift; path = APICenter.swift; sourceTree = "<group>"; };
		BCE3AB4C21BD28B7004DA97F /* APIManager.swift */ = {isa = PBXFileReference; lastKnownFileType = sourcecode.swift; path = APIManager.swift; sourceTree = "<group>"; };
		BCE3AB4E21BD4AE7004DA97F /* APIResponse.swift */ = {isa = PBXFileReference; lastKnownFileType = sourcecode.swift; path = APIResponse.swift; sourceTree = "<group>"; };
		BCE3AB5021BD5121004DA97F /* Extension.swift */ = {isa = PBXFileReference; lastKnownFileType = sourcecode.swift; path = Extension.swift; sourceTree = "<group>"; };
		BCE3AB5221BD88DD004DA97F /* CollectionViewController.swift */ = {isa = PBXFileReference; lastKnownFileType = sourcecode.swift; path = CollectionViewController.swift; sourceTree = "<group>"; };
		BCE3AB5E21BE9965004DA97F /* ModelController.swift */ = {isa = PBXFileReference; lastKnownFileType = sourcecode.swift; path = ModelController.swift; sourceTree = "<group>"; };
/* End PBXFileReference section */

/* Begin PBXFrameworksBuildPhase section */
		BCE3AAFC21BBEC99004DA97F /* Frameworks */ = {
			isa = PBXFrameworksBuildPhase;
			buildActionMask = 2147483647;
			files = (
			);
			runOnlyForDeploymentPostprocessing = 0;
		};
		BCE3AB1321BBEC9B004DA97F /* Frameworks */ = {
			isa = PBXFrameworksBuildPhase;
			buildActionMask = 2147483647;
			files = (
			);
			runOnlyForDeploymentPostprocessing = 0;
		};
		BCE3AB1E21BBEC9B004DA97F /* Frameworks */ = {
			isa = PBXFrameworksBuildPhase;
			buildActionMask = 2147483647;
			files = (
			);
			runOnlyForDeploymentPostprocessing = 0;
		};
/* End PBXFrameworksBuildPhase section */

/* Begin PBXGroup section */
		BC85384D21BF85DE00B01156 /* Detail */ = {
			isa = PBXGroup;
			children = (
				BC85384F21BF88D200B01156 /* MovieInfoCell.swift */,
				BC85385021BF88D200B01156 /* MovieInfoCell.xib */,
				BC85385321BF890000B01156 /* MovieSynopsisCell.swift */,
				BC85385421BF890000B01156 /* MovieSynopsisCell.xib */,
				BC85385721BF893100B01156 /* DirectorInfoCell.swift */,
				BC85385821BF893100B01156 /* DirectorInfoCell.xib */,
				BC85385B21BF895300B01156 /* MovieCommentsCell.swift */,
				BC85385C21BF895300B01156 /* MovieCommentsCell.xib */,
			);
			path = Detail;
			sourceTree = "<group>";
		};
		BC85384E21BF85E600B01156 /* Main */ = {
			isa = PBXGroup;
			children = (
				BCE3AB3821BBF3F9004DA97F /* TableListCell.swift */,
				BCE3AB3921BBF3F9004DA97F /* TableListCell.xib */,
				BCE3AB3C21BBF40D004DA97F /* CollectionListCell.swift */,
				BCE3AB3D21BBF40D004DA97F /* CollectionListCell.xib */,
			);
			path = Main;
			sourceTree = "<group>";
		};
		BC85386521C0EDFD00B01156 /* CustomView */ = {
			isa = PBXGroup;
			children = (
				BC85386621C0EE2E00B01156 /* GradeView.swift */,
				BC85386821C0EE3B00B01156 /* GradeView.xib */,
				BC85386C21C12CDF00B01156 /* RatingView.swift */,
				BC85386A21C12CD400B01156 /* RatingView.xib */,
			);
			path = CustomView;
			sourceTree = "<group>";
		};
		BCB6C97021C2DE4500BCEDC2 /* StateView */ = {
			isa = PBXGroup;
			children = (
				BCB6C97321C2DE6500BCEDC2 /* LoadingView.swift */,
				BCB6C97121C2DE5A00BCEDC2 /* LoadingView.xib */,
			);
			path = StateView;
			sourceTree = "<group>";
		};
		BCE3AAF621BBEC99004DA97F = {
			isa = PBXGroup;
			children = (
				BCE3AB0121BBEC99004DA97F /* MovieBoxOffice */,
				BCE3AB1921BBEC9B004DA97F /* MovieBoxOfficeTests */,
				BCE3AB2421BBEC9B004DA97F /* MovieBoxOfficeUITests */,
				BCE3AB0021BBEC99004DA97F /* Products */,
			);
			sourceTree = "<group>";
		};
		BCE3AB0021BBEC99004DA97F /* Products */ = {
			isa = PBXGroup;
			children = (
				BCE3AAFF21BBEC99004DA97F /* MovieBoxOffice.app */,
				BCE3AB1621BBEC9B004DA97F /* MovieBoxOfficeTests.xctest */,
				BCE3AB2121BBEC9B004DA97F /* MovieBoxOfficeUITests.xctest */,
			);
			name = Products;
			sourceTree = "<group>";
		};
		BCE3AB0121BBEC99004DA97F /* MovieBoxOffice */ = {
			isa = PBXGroup;
			children = (
				BCE3AB0221BBEC99004DA97F /* AppDelegate.swift */,
				BCE3AB0C21BBEC9B004DA97F /* Assets.xcassets */,
				BCE3AB0E21BBEC9B004DA97F /* LaunchScreen.storyboard */,
				BCE3AB1121BBEC9B004DA97F /* Info.plist */,
				BCE3AB0921BBEC99004DA97F /* MovieBoxOffice.xcdatamodeld */,
				BCE3AB5021BD5121004DA97F /* Extension.swift */,
				BCB6C96321C2B6B900BCEDC2 /* DataLoading.swift */,
				BCE3AB3321BBEE79004DA97F /* Model */,
				BCE3AB3421BBEE7D004DA97F /* View */,
				BCE3AB3521BBEE81004DA97F /* Controller */,
			);
			path = MovieBoxOffice;
			sourceTree = "<group>";
		};
		BCE3AB1921BBEC9B004DA97F /* MovieBoxOfficeTests */ = {
			isa = PBXGroup;
			children = (
				BCE3AB1A21BBEC9B004DA97F /* MovieBoxOfficeTests.swift */,
				BCE3AB1C21BBEC9B004DA97F /* Info.plist */,
			);
			path = MovieBoxOfficeTests;
			sourceTree = "<group>";
		};
		BCE3AB2421BBEC9B004DA97F /* MovieBoxOfficeUITests */ = {
			isa = PBXGroup;
			children = (
				BCE3AB2521BBEC9B004DA97F /* MovieBoxOfficeUITests.swift */,
				BCE3AB2721BBEC9B004DA97F /* Info.plist */,
			);
			path = MovieBoxOfficeUITests;
			sourceTree = "<group>";
		};
		BCE3AB3321BBEE79004DA97F /* Model */ = {
			isa = PBXGroup;
			children = (
				BCE3AB4021BBF7C5004DA97F /* Movies.swift */,
				BC85385F21BFE37F00B01156 /* MovieInfo.swift */,
				BC85386121BFE49E00B01156 /* Comments.swift */,
				BCE3AB4221BBFAA6004DA97F /* Network */,
			);
			path = Model;
			sourceTree = "<group>";
		};
		BCE3AB3421BBEE7D004DA97F /* View */ = {
			isa = PBXGroup;
			children = (
				BCE3AB0621BBEC99004DA97F /* Main.storyboard */,
				BC85384E21BF85E600B01156 /* Main */,
				BC85384D21BF85DE00B01156 /* Detail */,
				BC85386521C0EDFD00B01156 /* CustomView */,
				BCB6C97021C2DE4500BCEDC2 /* StateView */,
			);
			path = View;
			sourceTree = "<group>";
		};
		BCE3AB3521BBEE81004DA97F /* Controller */ = {
			isa = PBXGroup;
			children = (
				BCE3AB5E21BE9965004DA97F /* ModelController.swift */,
				BCE3AB0421BBEC99004DA97F /* TableViewController.swift */,
				BCE3AB5221BD88DD004DA97F /* CollectionViewController.swift */,
				BC85384B21BED9A000B01156 /* DetailViewController.swift */,
				BC85388C21C155A600B01156 /* PosterViewController.swift */,
			);
			path = Controller;
			sourceTree = "<group>";
		};
		BCE3AB4221BBFAA6004DA97F /* Network */ = {
			isa = PBXGroup;
			children = (
				BCE3AB4A21BD051D004DA97F /* APICenter.swift */,
				BCE3AB4C21BD28B7004DA97F /* APIManager.swift */,
				BCE3AB4E21BD4AE7004DA97F /* APIResponse.swift */,
				BC85388E21C28D7F00B01156 /* CallbackResponse.swift */,
			);
			path = Network;
			sourceTree = "<group>";
		};
/* End PBXGroup section */

/* Begin PBXNativeTarget section */
		BCE3AAFE21BBEC99004DA97F /* MovieBoxOffice */ = {
			isa = PBXNativeTarget;
			buildConfigurationList = BCE3AB2A21BBEC9B004DA97F /* Build configuration list for PBXNativeTarget "MovieBoxOffice" */;
			buildPhases = (
				BCE3AAFB21BBEC99004DA97F /* Sources */,
				BCE3AAFC21BBEC99004DA97F /* Frameworks */,
				BCE3AAFD21BBEC99004DA97F /* Resources */,
			);
			buildRules = (
			);
			dependencies = (
			);
			name = MovieBoxOffice;
			productName = MovieBoxOffice;
			productReference = BCE3AAFF21BBEC99004DA97F /* MovieBoxOffice.app */;
			productType = "com.apple.product-type.application";
		};
		BCE3AB1521BBEC9B004DA97F /* MovieBoxOfficeTests */ = {
			isa = PBXNativeTarget;
			buildConfigurationList = BCE3AB2D21BBEC9B004DA97F /* Build configuration list for PBXNativeTarget "MovieBoxOfficeTests" */;
			buildPhases = (
				BCE3AB1221BBEC9B004DA97F /* Sources */,
				BCE3AB1321BBEC9B004DA97F /* Frameworks */,
				BCE3AB1421BBEC9B004DA97F /* Resources */,
			);
			buildRules = (
			);
			dependencies = (
				BCE3AB1821BBEC9B004DA97F /* PBXTargetDependency */,
			);
			name = MovieBoxOfficeTests;
			productName = MovieBoxOfficeTests;
			productReference = BCE3AB1621BBEC9B004DA97F /* MovieBoxOfficeTests.xctest */;
			productType = "com.apple.product-type.bundle.unit-test";
		};
		BCE3AB2021BBEC9B004DA97F /* MovieBoxOfficeUITests */ = {
			isa = PBXNativeTarget;
			buildConfigurationList = BCE3AB3021BBEC9B004DA97F /* Build configuration list for PBXNativeTarget "MovieBoxOfficeUITests" */;
			buildPhases = (
				BCE3AB1D21BBEC9B004DA97F /* Sources */,
				BCE3AB1E21BBEC9B004DA97F /* Frameworks */,
				BCE3AB1F21BBEC9B004DA97F /* Resources */,
			);
			buildRules = (
			);
			dependencies = (
				BCE3AB2321BBEC9B004DA97F /* PBXTargetDependency */,
			);
			name = MovieBoxOfficeUITests;
			productName = MovieBoxOfficeUITests;
			productReference = BCE3AB2121BBEC9B004DA97F /* MovieBoxOfficeUITests.xctest */;
			productType = "com.apple.product-type.bundle.ui-testing";
		};
/* End PBXNativeTarget section */

/* Begin PBXProject section */
		BCE3AAF721BBEC99004DA97F /* Project object */ = {
			isa = PBXProject;
			attributes = {
				LastSwiftUpdateCheck = 1000;
				LastUpgradeCheck = 1000;
				ORGANIZATIONNAME = "Park Sung Joon";
				TargetAttributes = {
					BCE3AAFE21BBEC99004DA97F = {
						CreatedOnToolsVersion = 10.0;
					};
					BCE3AB1521BBEC9B004DA97F = {
						CreatedOnToolsVersion = 10.0;
						TestTargetID = BCE3AAFE21BBEC99004DA97F;
					};
					BCE3AB2021BBEC9B004DA97F = {
						CreatedOnToolsVersion = 10.0;
						TestTargetID = BCE3AAFE21BBEC99004DA97F;
					};
				};
			};
			buildConfigurationList = BCE3AAFA21BBEC99004DA97F /* Build configuration list for PBXProject "MovieBoxOffice" */;
			compatibilityVersion = "Xcode 9.3";
			developmentRegion = en;
			hasScannedForEncodings = 0;
			knownRegions = (
				en,
				Base,
			);
			mainGroup = BCE3AAF621BBEC99004DA97F;
			productRefGroup = BCE3AB0021BBEC99004DA97F /* Products */;
			projectDirPath = "";
			projectRoot = "";
			targets = (
				BCE3AAFE21BBEC99004DA97F /* MovieBoxOffice */,
				BCE3AB1521BBEC9B004DA97F /* MovieBoxOfficeTests */,
				BCE3AB2021BBEC9B004DA97F /* MovieBoxOfficeUITests */,
			);
		};
/* End PBXProject section */

/* Begin PBXResourcesBuildPhase section */
		BCE3AAFD21BBEC99004DA97F /* Resources */ = {
			isa = PBXResourcesBuildPhase;
			buildActionMask = 2147483647;
			files = (
				BC85386921C0EE3B00B01156 /* GradeView.xib in Resources */,
				BC85386B21C12CD400B01156 /* RatingView.xib in Resources */,
				BC85385221BF88D200B01156 /* MovieInfoCell.xib in Resources */,
				BC85385621BF890000B01156 /* MovieSynopsisCell.xib in Resources */,
				BCE3AB1021BBEC9B004DA97F /* LaunchScreen.storyboard in Resources */,
				BCE3AB0D21BBEC9B004DA97F /* Assets.xcassets in Resources */,
				BCE3AB3F21BBF40D004DA97F /* CollectionListCell.xib in Resources */,
				BC85385E21BF895300B01156 /* MovieCommentsCell.xib in Resources */,
				BC85385A21BF893100B01156 /* DirectorInfoCell.xib in Resources */,
				BCB6C97221C2DE5A00BCEDC2 /* LoadingView.xib in Resources */,
				BCE3AB3B21BBF3F9004DA97F /* TableListCell.xib in Resources */,
				BCE3AB0821BBEC99004DA97F /* Main.storyboard in Resources */,
			);
			runOnlyForDeploymentPostprocessing = 0;
		};
		BCE3AB1421BBEC9B004DA97F /* Resources */ = {
			isa = PBXResourcesBuildPhase;
			buildActionMask = 2147483647;
			files = (
			);
			runOnlyForDeploymentPostprocessing = 0;
		};
		BCE3AB1F21BBEC9B004DA97F /* Resources */ = {
			isa = PBXResourcesBuildPhase;
			buildActionMask = 2147483647;
			files = (
			);
			runOnlyForDeploymentPostprocessing = 0;
		};
/* End PBXResourcesBuildPhase section */

/* Begin PBXSourcesBuildPhase section */
		BCE3AAFB21BBEC99004DA97F /* Sources */ = {
			isa = PBXSourcesBuildPhase;
			buildActionMask = 2147483647;
			files = (
				BC85384C21BED9A000B01156 /* DetailViewController.swift in Sources */,
				BC85386221BFE49E00B01156 /* Comments.swift in Sources */,
				BCE3AB4D21BD28B7004DA97F /* APIManager.swift in Sources */,
				BC85385121BF88D200B01156 /* MovieInfoCell.swift in Sources */,
				BCE3AB0521BBEC99004DA97F /* TableViewController.swift in Sources */,
				BCE3AB0321BBEC99004DA97F /* AppDelegate.swift in Sources */,
				BC85386D21C12CDF00B01156 /* RatingView.swift in Sources */,
				BCE3AB3A21BBF3F9004DA97F /* TableListCell.swift in Sources */,
				BCE3AB4B21BD051D004DA97F /* APICenter.swift in Sources */,
				BC85385521BF890000B01156 /* MovieSynopsisCell.swift in Sources */,
				BC85388F21C28D7F00B01156 /* CallbackResponse.swift in Sources */,
				BCE3AB5121BD5121004DA97F /* Extension.swift in Sources */,
				BCB6C96421C2B6B900BCEDC2 /* DataLoading.swift in Sources */,
				BC85385921BF893100B01156 /* DirectorInfoCell.swift in Sources */,
				BC85386021BFE37F00B01156 /* MovieInfo.swift in Sources */,
				BC85386721C0EE2E00B01156 /* GradeView.swift in Sources */,
				BCE3AB0B21BBEC99004DA97F /* MovieBoxOffice.xcdatamodeld in Sources */,
				BC85388D21C155A600B01156 /* PosterViewController.swift in Sources */,
				BCB6C97421C2DE6500BCEDC2 /* LoadingView.swift in Sources */,
				BC85385D21BF895300B01156 /* MovieCommentsCell.swift in Sources */,
				BCE3AB4121BBF7C5004DA97F /* Movies.swift in Sources */,
				BCE3AB3E21BBF40D004DA97F /* CollectionListCell.swift in Sources */,
				BCE3AB5F21BE9965004DA97F /* ModelController.swift in Sources */,
				BCE3AB4F21BD4AE7004DA97F /* APIResponse.swift in Sources */,
				BCE3AB5321BD88DD004DA97F /* CollectionViewController.swift in Sources */,
			);
			runOnlyForDeploymentPostprocessing = 0;
		};
		BCE3AB1221BBEC9B004DA97F /* Sources */ = {
			isa = PBXSourcesBuildPhase;
			buildActionMask = 2147483647;
			files = (
				BCE3AB1B21BBEC9B004DA97F /* MovieBoxOfficeTests.swift in Sources */,
			);
			runOnlyForDeploymentPostprocessing = 0;
		};
		BCE3AB1D21BBEC9B004DA97F /* Sources */ = {
			isa = PBXSourcesBuildPhase;
			buildActionMask = 2147483647;
			files = (
				BCE3AB2621BBEC9B004DA97F /* MovieBoxOfficeUITests.swift in Sources */,
			);
			runOnlyForDeploymentPostprocessing = 0;
		};
/* End PBXSourcesBuildPhase section */

/* Begin PBXTargetDependency section */
		BCE3AB1821BBEC9B004DA97F /* PBXTargetDependency */ = {
			isa = PBXTargetDependency;
			target = BCE3AAFE21BBEC99004DA97F /* MovieBoxOffice */;
			targetProxy = BCE3AB1721BBEC9B004DA97F /* PBXContainerItemProxy */;
		};
		BCE3AB2321BBEC9B004DA97F /* PBXTargetDependency */ = {
			isa = PBXTargetDependency;
			target = BCE3AAFE21BBEC99004DA97F /* MovieBoxOffice */;
			targetProxy = BCE3AB2221BBEC9B004DA97F /* PBXContainerItemProxy */;
		};
/* End PBXTargetDependency section */

/* Begin PBXVariantGroup section */
		BCE3AB0621BBEC99004DA97F /* Main.storyboard */ = {
			isa = PBXVariantGroup;
			children = (
				BCE3AB0721BBEC99004DA97F /* Base */,
			);
			name = Main.storyboard;
			sourceTree = "<group>";
		};
		BCE3AB0E21BBEC9B004DA97F /* LaunchScreen.storyboard */ = {
			isa = PBXVariantGroup;
			children = (
				BCE3AB0F21BBEC9B004DA97F /* Base */,
			);
			name = LaunchScreen.storyboard;
			sourceTree = "<group>";
		};
/* End PBXVariantGroup section */

/* Begin XCBuildConfiguration section */
		BCE3AB2821BBEC9B004DA97F /* Debug */ = {
			isa = XCBuildConfiguration;
			buildSettings = {
				ALWAYS_SEARCH_USER_PATHS = NO;
				CLANG_ANALYZER_NONNULL = YES;
				CLANG_ANALYZER_NUMBER_OBJECT_CONVERSION = YES_AGGRESSIVE;
				CLANG_CXX_LANGUAGE_STANDARD = "gnu++14";
				CLANG_CXX_LIBRARY = "libc++";
				CLANG_ENABLE_MODULES = YES;
				CLANG_ENABLE_OBJC_ARC = YES;
				CLANG_ENABLE_OBJC_WEAK = YES;
				CLANG_WARN_BLOCK_CAPTURE_AUTORELEASING = YES;
				CLANG_WARN_BOOL_CONVERSION = YES;
				CLANG_WARN_COMMA = YES;
				CLANG_WARN_CONSTANT_CONVERSION = YES;
				CLANG_WARN_DEPRECATED_OBJC_IMPLEMENTATIONS = YES;
				CLANG_WARN_DIRECT_OBJC_ISA_USAGE = YES_ERROR;
				CLANG_WARN_DOCUMENTATION_COMMENTS = YES;
				CLANG_WARN_EMPTY_BODY = YES;
				CLANG_WARN_ENUM_CONVERSION = YES;
				CLANG_WARN_INFINITE_RECURSION = YES;
				CLANG_WARN_INT_CONVERSION = YES;
				CLANG_WARN_NON_LITERAL_NULL_CONVERSION = YES;
				CLANG_WARN_OBJC_IMPLICIT_RETAIN_SELF = YES;
				CLANG_WARN_OBJC_LITERAL_CONVERSION = YES;
				CLANG_WARN_OBJC_ROOT_CLASS = YES_ERROR;
				CLANG_WARN_RANGE_LOOP_ANALYSIS = YES;
				CLANG_WARN_STRICT_PROTOTYPES = YES;
				CLANG_WARN_SUSPICIOUS_MOVE = YES;
				CLANG_WARN_UNGUARDED_AVAILABILITY = YES_AGGRESSIVE;
				CLANG_WARN_UNREACHABLE_CODE = YES;
				CLANG_WARN__DUPLICATE_METHOD_MATCH = YES;
				CODE_SIGN_IDENTITY = "iPhone Developer";
				COPY_PHASE_STRIP = NO;
				DEBUG_INFORMATION_FORMAT = dwarf;
				ENABLE_STRICT_OBJC_MSGSEND = YES;
				ENABLE_TESTABILITY = YES;
				GCC_C_LANGUAGE_STANDARD = gnu11;
				GCC_DYNAMIC_NO_PIC = NO;
				GCC_NO_COMMON_BLOCKS = YES;
				GCC_OPTIMIZATION_LEVEL = 0;
				GCC_PREPROCESSOR_DEFINITIONS = (
					"DEBUG=1",
					"$(inherited)",
				);
				GCC_WARN_64_TO_32_BIT_CONVERSION = YES;
				GCC_WARN_ABOUT_RETURN_TYPE = YES_ERROR;
				GCC_WARN_UNDECLARED_SELECTOR = YES;
				GCC_WARN_UNINITIALIZED_AUTOS = YES_AGGRESSIVE;
				GCC_WARN_UNUSED_FUNCTION = YES;
				GCC_WARN_UNUSED_VARIABLE = YES;
				IPHONEOS_DEPLOYMENT_TARGET = 12.0;
				MTL_ENABLE_DEBUG_INFO = INCLUDE_SOURCE;
				MTL_FAST_MATH = YES;
				ONLY_ACTIVE_ARCH = YES;
				SDKROOT = iphoneos;
				SWIFT_ACTIVE_COMPILATION_CONDITIONS = DEBUG;
				SWIFT_OPTIMIZATION_LEVEL = "-Onone";
			};
			name = Debug;
		};
		BCE3AB2921BBEC9B004DA97F /* Release */ = {
			isa = XCBuildConfiguration;
			buildSettings = {
				ALWAYS_SEARCH_USER_PATHS = NO;
				CLANG_ANALYZER_NONNULL = YES;
				CLANG_ANALYZER_NUMBER_OBJECT_CONVERSION = YES_AGGRESSIVE;
				CLANG_CXX_LANGUAGE_STANDARD = "gnu++14";
				CLANG_CXX_LIBRARY = "libc++";
				CLANG_ENABLE_MODULES = YES;
				CLANG_ENABLE_OBJC_ARC = YES;
				CLANG_ENABLE_OBJC_WEAK = YES;
				CLANG_WARN_BLOCK_CAPTURE_AUTORELEASING = YES;
				CLANG_WARN_BOOL_CONVERSION = YES;
				CLANG_WARN_COMMA = YES;
				CLANG_WARN_CONSTANT_CONVERSION = YES;
				CLANG_WARN_DEPRECATED_OBJC_IMPLEMENTATIONS = YES;
				CLANG_WARN_DIRECT_OBJC_ISA_USAGE = YES_ERROR;
				CLANG_WARN_DOCUMENTATION_COMMENTS = YES;
				CLANG_WARN_EMPTY_BODY = YES;
				CLANG_WARN_ENUM_CONVERSION = YES;
				CLANG_WARN_INFINITE_RECURSION = YES;
				CLANG_WARN_INT_CONVERSION = YES;
				CLANG_WARN_NON_LITERAL_NULL_CONVERSION = YES;
				CLANG_WARN_OBJC_IMPLICIT_RETAIN_SELF = YES;
				CLANG_WARN_OBJC_LITERAL_CONVERSION = YES;
				CLANG_WARN_OBJC_ROOT_CLASS = YES_ERROR;
				CLANG_WARN_RANGE_LOOP_ANALYSIS = YES;
				CLANG_WARN_STRICT_PROTOTYPES = YES;
				CLANG_WARN_SUSPICIOUS_MOVE = YES;
				CLANG_WARN_UNGUARDED_AVAILABILITY = YES_AGGRESSIVE;
				CLANG_WARN_UNREACHABLE_CODE = YES;
				CLANG_WARN__DUPLICATE_METHOD_MATCH = YES;
				CODE_SIGN_IDENTITY = "iPhone Developer";
				COPY_PHASE_STRIP = NO;
				DEBUG_INFORMATION_FORMAT = "dwarf-with-dsym";
				ENABLE_NS_ASSERTIONS = NO;
				ENABLE_STRICT_OBJC_MSGSEND = YES;
				GCC_C_LANGUAGE_STANDARD = gnu11;
				GCC_NO_COMMON_BLOCKS = YES;
				GCC_WARN_64_TO_32_BIT_CONVERSION = YES;
				GCC_WARN_ABOUT_RETURN_TYPE = YES_ERROR;
				GCC_WARN_UNDECLARED_SELECTOR = YES;
				GCC_WARN_UNINITIALIZED_AUTOS = YES_AGGRESSIVE;
				GCC_WARN_UNUSED_FUNCTION = YES;
				GCC_WARN_UNUSED_VARIABLE = YES;
				IPHONEOS_DEPLOYMENT_TARGET = 12.0;
				MTL_ENABLE_DEBUG_INFO = NO;
				MTL_FAST_MATH = YES;
				SDKROOT = iphoneos;
				SWIFT_COMPILATION_MODE = wholemodule;
				SWIFT_OPTIMIZATION_LEVEL = "-O";
				VALIDATE_PRODUCT = YES;
			};
			name = Release;
		};
		BCE3AB2B21BBEC9B004DA97F /* Debug */ = {
			isa = XCBuildConfiguration;
			buildSettings = {
				ASSETCATALOG_COMPILER_APPICON_NAME = AppIcon;
				CODE_SIGN_STYLE = Automatic;
				DEVELOPMENT_TEAM = 86PPC52X64;
				INFOPLIST_FILE = MovieBoxOffice/Info.plist;
				LD_RUNPATH_SEARCH_PATHS = (
					"$(inherited)",
					"@executable_path/Frameworks",
				);
				PRODUCT_BUNDLE_IDENTIFIER = com.SungJoonPark.MovieBoxOffice;
				PRODUCT_NAME = "$(TARGET_NAME)";
				SWIFT_VERSION = 4.2;
				TARGETED_DEVICE_FAMILY = "1,2";
			};
			name = Debug;
		};
		BCE3AB2C21BBEC9B004DA97F /* Release */ = {
			isa = XCBuildConfiguration;
			buildSettings = {
				ASSETCATALOG_COMPILER_APPICON_NAME = AppIcon;
				CODE_SIGN_STYLE = Automatic;
				DEVELOPMENT_TEAM = 86PPC52X64;
				INFOPLIST_FILE = MovieBoxOffice/Info.plist;
				LD_RUNPATH_SEARCH_PATHS = (
					"$(inherited)",
					"@executable_path/Frameworks",
				);
				PRODUCT_BUNDLE_IDENTIFIER = com.SungJoonPark.MovieBoxOffice;
				PRODUCT_NAME = "$(TARGET_NAME)";
				SWIFT_VERSION = 4.2;
				TARGETED_DEVICE_FAMILY = "1,2";
			};
			name = Release;
		};
		BCE3AB2E21BBEC9B004DA97F /* Debug */ = {
			isa = XCBuildConfiguration;
			buildSettings = {
				ALWAYS_EMBED_SWIFT_STANDARD_LIBRARIES = YES;
				BUNDLE_LOADER = "$(TEST_HOST)";
				CODE_SIGN_STYLE = Automatic;
				DEVELOPMENT_TEAM = 86PPC52X64;
				INFOPLIST_FILE = MovieBoxOfficeTests/Info.plist;
				LD_RUNPATH_SEARCH_PATHS = (
					"$(inherited)",
					"@executable_path/Frameworks",
					"@loader_path/Frameworks",
				);
				PRODUCT_BUNDLE_IDENTIFIER = com.SungJoonPark.MovieBoxOfficeTests;
				PRODUCT_NAME = "$(TARGET_NAME)";
				SWIFT_VERSION = 4.2;
				TARGETED_DEVICE_FAMILY = "1,2";
				TEST_HOST = "$(BUILT_PRODUCTS_DIR)/MovieBoxOffice.app/MovieBoxOffice";
			};
			name = Debug;
		};
		BCE3AB2F21BBEC9B004DA97F /* Release */ = {
			isa = XCBuildConfiguration;
			buildSettings = {
				ALWAYS_EMBED_SWIFT_STANDARD_LIBRARIES = YES;
				BUNDLE_LOADER = "$(TEST_HOST)";
				CODE_SIGN_STYLE = Automatic;
				DEVELOPMENT_TEAM = 86PPC52X64;
				INFOPLIST_FILE = MovieBoxOfficeTests/Info.plist;
				LD_RUNPATH_SEARCH_PATHS = (
					"$(inherited)",
					"@executable_path/Frameworks",
					"@loader_path/Frameworks",
				);
				PRODUCT_BUNDLE_IDENTIFIER = com.SungJoonPark.MovieBoxOfficeTests;
				PRODUCT_NAME = "$(TARGET_NAME)";
				SWIFT_VERSION = 4.2;
				TARGETED_DEVICE_FAMILY = "1,2";
				TEST_HOST = "$(BUILT_PRODUCTS_DIR)/MovieBoxOffice.app/MovieBoxOffice";
			};
			name = Release;
		};
		BCE3AB3121BBEC9B004DA97F /* Debug */ = {
			isa = XCBuildConfiguration;
			buildSettings = {
				ALWAYS_EMBED_SWIFT_STANDARD_LIBRARIES = YES;
				CODE_SIGN_STYLE = Automatic;
				DEVELOPMENT_TEAM = 86PPC52X64;
				INFOPLIST_FILE = MovieBoxOfficeUITests/Info.plist;
				LD_RUNPATH_SEARCH_PATHS = (
					"$(inherited)",
					"@executable_path/Frameworks",
					"@loader_path/Frameworks",
				);
				PRODUCT_BUNDLE_IDENTIFIER = com.SungJoonPark.MovieBoxOfficeUITests;
				PRODUCT_NAME = "$(TARGET_NAME)";
				SWIFT_VERSION = 4.2;
				TARGETED_DEVICE_FAMILY = "1,2";
				TEST_TARGET_NAME = MovieBoxOffice;
			};
			name = Debug;
		};
		BCE3AB3221BBEC9B004DA97F /* Release */ = {
			isa = XCBuildConfiguration;
			buildSettings = {
				ALWAYS_EMBED_SWIFT_STANDARD_LIBRARIES = YES;
				CODE_SIGN_STYLE = Automatic;
				DEVELOPMENT_TEAM = 86PPC52X64;
				INFOPLIST_FILE = MovieBoxOfficeUITests/Info.plist;
				LD_RUNPATH_SEARCH_PATHS = (
					"$(inherited)",
					"@executable_path/Frameworks",
					"@loader_path/Frameworks",
				);
				PRODUCT_BUNDLE_IDENTIFIER = com.SungJoonPark.MovieBoxOfficeUITests;
				PRODUCT_NAME = "$(TARGET_NAME)";
				SWIFT_VERSION = 4.2;
				TARGETED_DEVICE_FAMILY = "1,2";
				TEST_TARGET_NAME = MovieBoxOffice;
			};
			name = Release;
		};
/* End XCBuildConfiguration section */

/* Begin XCConfigurationList section */
		BCE3AAFA21BBEC99004DA97F /* Build configuration list for PBXProject "MovieBoxOffice" */ = {
			isa = XCConfigurationList;
			buildConfigurations = (
				BCE3AB2821BBEC9B004DA97F /* Debug */,
				BCE3AB2921BBEC9B004DA97F /* Release */,
			);
			defaultConfigurationIsVisible = 0;
			defaultConfigurationName = Release;
		};
		BCE3AB2A21BBEC9B004DA97F /* Build configuration list for PBXNativeTarget "MovieBoxOffice" */ = {
			isa = XCConfigurationList;
			buildConfigurations = (
				BCE3AB2B21BBEC9B004DA97F /* Debug */,
				BCE3AB2C21BBEC9B004DA97F /* Release */,
			);
			defaultConfigurationIsVisible = 0;
			defaultConfigurationName = Release;
		};
		BCE3AB2D21BBEC9B004DA97F /* Build configuration list for PBXNativeTarget "MovieBoxOfficeTests" */ = {
			isa = XCConfigurationList;
			buildConfigurations = (
				BCE3AB2E21BBEC9B004DA97F /* Debug */,
				BCE3AB2F21BBEC9B004DA97F /* Release */,
			);
			defaultConfigurationIsVisible = 0;
			defaultConfigurationName = Release;
		};
		BCE3AB3021BBEC9B004DA97F /* Build configuration list for PBXNativeTarget "MovieBoxOfficeUITests" */ = {
			isa = XCConfigurationList;
			buildConfigurations = (
				BCE3AB3121BBEC9B004DA97F /* Debug */,
				BCE3AB3221BBEC9B004DA97F /* Release */,
			);
			defaultConfigurationIsVisible = 0;
			defaultConfigurationName = Release;
		};
/* End XCConfigurationList section */

/* Begin XCVersionGroup section */
		BCE3AB0921BBEC99004DA97F /* MovieBoxOffice.xcdatamodeld */ = {
			isa = XCVersionGroup;
			children = (
				BCE3AB0A21BBEC99004DA97F /* MovieBoxOffice.xcdatamodel */,
			);
			currentVersion = BCE3AB0A21BBEC99004DA97F /* MovieBoxOffice.xcdatamodel */;
			path = MovieBoxOffice.xcdatamodeld;
			sourceTree = "<group>";
			versionGroupType = wrapper.xcdatamodel;
		};
/* End XCVersionGroup section */
	};
	rootObject = BCE3AAF721BBEC99004DA97F /* Project object */;
}
